// !$*UTF8*$!
{
	archiveVersion = 1;
	classes = {
	};
	objectVersion = 56;
	objects = {

/* Begin PBXBuildFile section */
		250627EE2A4FF5BF00EF9AAF /* GoogleSignIn in Frameworks */ = {isa = PBXBuildFile; productRef = 250627ED2A4FF5BF00EF9AAF /* GoogleSignIn */; };
		250627F02A4FF5BF00EF9AAF /* GoogleSignInSwift in Frameworks */ = {isa = PBXBuildFile; productRef = 250627EF2A4FF5BF00EF9AAF /* GoogleSignInSwift */; };
		250627F42A5037EE00EF9AAF /* client_28380604552-9hl9qncrf171u373llm7nkr7d4t79mk8.apps.googleusercontent.com.plist in Resources */ = {isa = PBXBuildFile; fileRef = 250627F32A5037EE00EF9AAF /* client_28380604552-9hl9qncrf171u373llm7nkr7d4t79mk8.apps.googleusercontent.com.plist */; };
		255A9B882A00D34A00AA40E7 /* CustomFrameView.swift in Sources */ = {isa = PBXBuildFile; fileRef = 255A9B872A00D34A00AA40E7 /* CustomFrameView.swift */; };
		255F077A2A13AA21003B4D0F /* Extension.swift in Sources */ = {isa = PBXBuildFile; fileRef = 255F07792A13AA21003B4D0F /* Extension.swift */; };
		257742082A02CC62006496B0 /* CustomView.swift in Sources */ = {isa = PBXBuildFile; fileRef = 257742072A02CC62006496B0 /* CustomView.swift */; };
		2577420A2A02CCCF006496B0 /* HomeView.swift in Sources */ = {isa = PBXBuildFile; fileRef = 257742092A02CCCF006496B0 /* HomeView.swift */; };
		258257D229FDF75D0017AD5D /* Online_ShoppingApp.swift in Sources */ = {isa = PBXBuildFile; fileRef = 258257D129FDF75D0017AD5D /* Online_ShoppingApp.swift */; };
		258257D429FDF75D0017AD5D /* ContentView.swift in Sources */ = {isa = PBXBuildFile; fileRef = 258257D329FDF75D0017AD5D /* ContentView.swift */; };
		258257D629FDF75E0017AD5D /* Assets.xcassets in Resources */ = {isa = PBXBuildFile; fileRef = 258257D529FDF75E0017AD5D /* Assets.xcassets */; };
		258257D929FDF75E0017AD5D /* Preview Assets.xcassets in Resources */ = {isa = PBXBuildFile; fileRef = 258257D829FDF75E0017AD5D /* Preview Assets.xcassets */; };
		258257E329FDF7900017AD5D /* SharedDataModel.swift in Sources */ = {isa = PBXBuildFile; fileRef = 258257E029FDF7900017AD5D /* SharedDataModel.swift */; };
		258257E429FDF7900017AD5D /* LoginViewModel.swift in Sources */ = {isa = PBXBuildFile; fileRef = 258257E129FDF7900017AD5D /* LoginViewModel.swift */; };
		258257E529FDF7900017AD5D /* HomeViewModel.swift in Sources */ = {isa = PBXBuildFile; fileRef = 258257E229FDF7900017AD5D /* HomeViewModel.swift */; };
		258257EA29FDF7A00017AD5D /* Post.swift in Sources */ = {isa = PBXBuildFile; fileRef = 258257E829FDF7A00017AD5D /* Post.swift */; };
		258257EB29FDF7A00017AD5D /* MainView.swift in Sources */ = {isa = PBXBuildFile; fileRef = 258257E929FDF7A00017AD5D /* MainView.swift */; };
		258257EF29FDF7AF0017AD5D /* StaggeredGird.swift in Sources */ = {isa = PBXBuildFile; fileRef = 258257ED29FDF7AF0017AD5D /* StaggeredGird.swift */; };
		258257F029FDF7AF0017AD5D /* CustomCorners.swift in Sources */ = {isa = PBXBuildFile; fileRef = 258257EE29FDF7AF0017AD5D /* CustomCorners.swift */; };
		258257FC29FDF7BC0017AD5D /* SearchView.swift in Sources */ = {isa = PBXBuildFile; fileRef = 258257F229FDF7BC0017AD5D /* SearchView.swift */; };
		258257FD29FDF7BC0017AD5D /* MainPage.swift in Sources */ = {isa = PBXBuildFile; fileRef = 258257F329FDF7BC0017AD5D /* MainPage.swift */; };
		258257FE29FDF7BC0017AD5D /* CartPage.swift in Sources */ = {isa = PBXBuildFile; fileRef = 258257F429FDF7BC0017AD5D /* CartPage.swift */; };
		258257FF29FDF7BC0017AD5D /* MoreProductView.swift in Sources */ = {isa = PBXBuildFile; fileRef = 258257F529FDF7BC0017AD5D /* MoreProductView.swift */; };
		2582580029FDF7BC0017AD5D /* Home.swift in Sources */ = {isa = PBXBuildFile; fileRef = 258257F629FDF7BC0017AD5D /* Home.swift */; };
		2582580129FDF7BC0017AD5D /* LikedPage.swift in Sources */ = {isa = PBXBuildFile; fileRef = 258257F729FDF7BC0017AD5D /* LikedPage.swift */; };
		2582580229FDF7BC0017AD5D /* OnBordingPage.swift in Sources */ = {isa = PBXBuildFile; fileRef = 258257F829FDF7BC0017AD5D /* OnBordingPage.swift */; };
		2582580329FDF7BC0017AD5D /* ProductDetailView.swift in Sources */ = {isa = PBXBuildFile; fileRef = 258257F929FDF7BC0017AD5D /* ProductDetailView.swift */; };
		2582580429FDF7BC0017AD5D /* LoginPage.swift in Sources */ = {isa = PBXBuildFile; fileRef = 258257FA29FDF7BC0017AD5D /* LoginPage.swift */; };
		2582580529FDF7BC0017AD5D /* ProfilePage.swift in Sources */ = {isa = PBXBuildFile; fileRef = 258257FB29FDF7BC0017AD5D /* ProfilePage.swift */; };
		2582580829FDF8070017AD5D /* Product.swift in Sources */ = {isa = PBXBuildFile; fileRef = 2582580729FDF8070017AD5D /* Product.swift */; };
		259784A62A129E7500436A7B /* Popup.swift in Sources */ = {isa = PBXBuildFile; fileRef = 259784A52A129E7500436A7B /* Popup.swift */; };
		25E1FE322A2E05A500F44509 /* AlertView.swift in Sources */ = {isa = PBXBuildFile; fileRef = 25E1FE312A2E05A500F44509 /* AlertView.swift */; };
		25E1FE342A2E07B500F44509 /* ModelView.swift in Sources */ = {isa = PBXBuildFile; fileRef = 25E1FE332A2E07B500F44509 /* ModelView.swift */; };
/* End PBXBuildFile section */

/* Begin PBXFileReference section */
		250627F32A5037EE00EF9AAF /* client_28380604552-9hl9qncrf171u373llm7nkr7d4t79mk8.apps.googleusercontent.com.plist */ = {isa = PBXFileReference; fileEncoding = 4; lastKnownFileType = text.plist.xml; path = "client_28380604552-9hl9qncrf171u373llm7nkr7d4t79mk8.apps.googleusercontent.com.plist"; sourceTree = "<group>"; };
		255A9B872A00D34A00AA40E7 /* CustomFrameView.swift */ = {isa = PBXFileReference; lastKnownFileType = sourcecode.swift; path = CustomFrameView.swift; sourceTree = "<group>"; };
		255F07792A13AA21003B4D0F /* Extension.swift */ = {isa = PBXFileReference; lastKnownFileType = sourcecode.swift; path = Extension.swift; sourceTree = "<group>"; };
		257742052A02CA46006496B0 /* Online Shopping.entitlements */ = {isa = PBXFileReference; lastKnownFileType = text.plist.entitlements; path = "Online Shopping.entitlements"; sourceTree = "<group>"; };
		257742072A02CC62006496B0 /* CustomView.swift */ = {isa = PBXFileReference; lastKnownFileType = sourcecode.swift; path = CustomView.swift; sourceTree = "<group>"; };
		257742092A02CCCF006496B0 /* HomeView.swift */ = {isa = PBXFileReference; lastKnownFileType = sourcecode.swift; path = HomeView.swift; sourceTree = "<group>"; };
		258257CE29FDF75D0017AD5D /* Online Shopping.app */ = {isa = PBXFileReference; explicitFileType = wrapper.application; includeInIndex = 0; path = "Online Shopping.app"; sourceTree = BUILT_PRODUCTS_DIR; };
		258257D129FDF75D0017AD5D /* Online_ShoppingApp.swift */ = {isa = PBXFileReference; lastKnownFileType = sourcecode.swift; path = Online_ShoppingApp.swift; sourceTree = "<group>"; };
		258257D329FDF75D0017AD5D /* ContentView.swift */ = {isa = PBXFileReference; lastKnownFileType = sourcecode.swift; path = ContentView.swift; sourceTree = "<group>"; };
		258257D529FDF75E0017AD5D /* Assets.xcassets */ = {isa = PBXFileReference; lastKnownFileType = folder.assetcatalog; path = Assets.xcassets; sourceTree = "<group>"; };
		258257D829FDF75E0017AD5D /* Preview Assets.xcassets */ = {isa = PBXFileReference; lastKnownFileType = folder.assetcatalog; path = "Preview Assets.xcassets"; sourceTree = "<group>"; };
		258257E029FDF7900017AD5D /* SharedDataModel.swift */ = {isa = PBXFileReference; fileEncoding = 4; lastKnownFileType = sourcecode.swift; path = SharedDataModel.swift; sourceTree = "<group>"; };
		258257E129FDF7900017AD5D /* LoginViewModel.swift */ = {isa = PBXFileReference; fileEncoding = 4; lastKnownFileType = sourcecode.swift; path = LoginViewModel.swift; sourceTree = "<group>"; };
		258257E229FDF7900017AD5D /* HomeViewModel.swift */ = {isa = PBXFileReference; fileEncoding = 4; lastKnownFileType = sourcecode.swift; path = HomeViewModel.swift; sourceTree = "<group>"; };
		258257E829FDF7A00017AD5D /* Post.swift */ = {isa = PBXFileReference; fileEncoding = 4; lastKnownFileType = sourcecode.swift; path = Post.swift; sourceTree = "<group>"; };
		258257E929FDF7A00017AD5D /* MainView.swift */ = {isa = PBXFileReference; fileEncoding = 4; lastKnownFileType = sourcecode.swift; path = MainView.swift; sourceTree = "<group>"; };
		258257ED29FDF7AF0017AD5D /* StaggeredGird.swift */ = {isa = PBXFileReference; fileEncoding = 4; lastKnownFileType = sourcecode.swift; path = StaggeredGird.swift; sourceTree = "<group>"; };
		258257EE29FDF7AF0017AD5D /* CustomCorners.swift */ = {isa = PBXFileReference; fileEncoding = 4; lastKnownFileType = sourcecode.swift; path = CustomCorners.swift; sourceTree = "<group>"; };
		258257F229FDF7BC0017AD5D /* SearchView.swift */ = {isa = PBXFileReference; fileEncoding = 4; lastKnownFileType = sourcecode.swift; path = SearchView.swift; sourceTree = "<group>"; };
		258257F329FDF7BC0017AD5D /* MainPage.swift */ = {isa = PBXFileReference; fileEncoding = 4; lastKnownFileType = sourcecode.swift; path = MainPage.swift; sourceTree = "<group>"; };
		258257F429FDF7BC0017AD5D /* CartPage.swift */ = {isa = PBXFileReference; fileEncoding = 4; lastKnownFileType = sourcecode.swift; path = CartPage.swift; sourceTree = "<group>"; };
		258257F529FDF7BC0017AD5D /* MoreProductView.swift */ = {isa = PBXFileReference; fileEncoding = 4; lastKnownFileType = sourcecode.swift; path = MoreProductView.swift; sourceTree = "<group>"; };
		258257F629FDF7BC0017AD5D /* Home.swift */ = {isa = PBXFileReference; fileEncoding = 4; lastKnownFileType = sourcecode.swift; path = Home.swift; sourceTree = "<group>"; };
		258257F729FDF7BC0017AD5D /* LikedPage.swift */ = {isa = PBXFileReference; fileEncoding = 4; lastKnownFileType = sourcecode.swift; path = LikedPage.swift; sourceTree = "<group>"; };
		258257F829FDF7BC0017AD5D /* OnBordingPage.swift */ = {isa = PBXFileReference; fileEncoding = 4; lastKnownFileType = sourcecode.swift; path = OnBordingPage.swift; sourceTree = "<group>"; };
		258257F929FDF7BC0017AD5D /* ProductDetailView.swift */ = {isa = PBXFileReference; fileEncoding = 4; lastKnownFileType = sourcecode.swift; path = ProductDetailView.swift; sourceTree = "<group>"; };
		258257FA29FDF7BC0017AD5D /* LoginPage.swift */ = {isa = PBXFileReference; fileEncoding = 4; lastKnownFileType = sourcecode.swift; path = LoginPage.swift; sourceTree = "<group>"; };
		258257FB29FDF7BC0017AD5D /* ProfilePage.swift */ = {isa = PBXFileReference; fileEncoding = 4; lastKnownFileType = sourcecode.swift; path = ProfilePage.swift; sourceTree = "<group>"; };
		2582580729FDF8070017AD5D /* Product.swift */ = {isa = PBXFileReference; fileEncoding = 4; lastKnownFileType = sourcecode.swift; path = Product.swift; sourceTree = "<group>"; };
		259784A52A129E7500436A7B /* Popup.swift */ = {isa = PBXFileReference; lastKnownFileType = sourcecode.swift; path = Popup.swift; sourceTree = "<group>"; };
		25E1FE312A2E05A500F44509 /* AlertView.swift */ = {isa = PBXFileReference; lastKnownFileType = sourcecode.swift; path = AlertView.swift; sourceTree = "<group>"; };
		25E1FE332A2E07B500F44509 /* ModelView.swift */ = {isa = PBXFileReference; lastKnownFileType = sourcecode.swift; path = ModelView.swift; sourceTree = "<group>"; };
/* End PBXFileReference section */

/* Begin PBXFrameworksBuildPhase section */
		258257CB29FDF75D0017AD5D /* Frameworks */ = {
			isa = PBXFrameworksBuildPhase;
			buildActionMask = 2147483647;
			files = (
				250627EE2A4FF5BF00EF9AAF /* GoogleSignIn in Frameworks */,
				250627F02A4FF5BF00EF9AAF /* GoogleSignInSwift in Frameworks */,
			);
			runOnlyForDeploymentPostprocessing = 0;
		};
/* End PBXFrameworksBuildPhase section */

/* Begin PBXGroup section */
		250627F22A5037BF00EF9AAF /* GoogleSignIn */ = {
			isa = PBXGroup;
			children = (
				250627F32A5037EE00EF9AAF /* client_28380604552-9hl9qncrf171u373llm7nkr7d4t79mk8.apps.googleusercontent.com.plist */,
			);
			path = GoogleSignIn;
			sourceTree = "<group>";
		};
		257741FE2A02C711006496B0 /* LoginView */ = {
			isa = PBXGroup;
			children = (
				258257FA29FDF7BC0017AD5D /* LoginPage.swift */,
				258257E129FDF7900017AD5D /* LoginViewModel.swift */,
			);
			path = LoginView;
			sourceTree = "<group>";
		};
		257741FF2A02C75D006496B0 /* OnBoardView */ = {
			isa = PBXGroup;
			children = (
				258257F829FDF7BC0017AD5D /* OnBordingPage.swift */,
			);
			path = OnBoardView;
			sourceTree = "<group>";
		};
		257742002A02C7D5006496B0 /* CartView */ = {
			isa = PBXGroup;
			children = (
				258257F429FDF7BC0017AD5D /* CartPage.swift */,
			);
			path = CartView;
			sourceTree = "<group>";
		};
		257742012A02C7F6006496B0 /* LikedView */ = {
			isa = PBXGroup;
			children = (
				258257F729FDF7BC0017AD5D /* LikedPage.swift */,
			);
			path = LikedView;
			sourceTree = "<group>";
		};
		257742022A02C80D006496B0 /* ProfileView */ = {
			isa = PBXGroup;
			children = (
				258257FB29FDF7BC0017AD5D /* ProfilePage.swift */,
			);
			path = ProfileView;
			sourceTree = "<group>";
		};
		257742032A02C893006496B0 /* ProductView */ = {
			isa = PBXGroup;
			children = (
				258257F529FDF7BC0017AD5D /* MoreProductView.swift */,
				258257F929FDF7BC0017AD5D /* ProductDetailView.swift */,
			);
			path = ProductView;
			sourceTree = "<group>";
		};
		257742042A02C8F0006496B0 /* SearchView */ = {
			isa = PBXGroup;
			children = (
				258257F229FDF7BC0017AD5D /* SearchView.swift */,
			);
			path = SearchView;
			sourceTree = "<group>";
		};
		257742062A02CC48006496B0 /* CustomView */ = {
			isa = PBXGroup;
			children = (
				257742072A02CC62006496B0 /* CustomView.swift */,
			);
			path = CustomView;
			sourceTree = "<group>";
		};
		258257C529FDF75D0017AD5D = {
			isa = PBXGroup;
			children = (
				258257D029FDF75D0017AD5D /* Online Shopping */,
				258257CF29FDF75D0017AD5D /* Products */,
			);
			sourceTree = "<group>";
		};
		258257CF29FDF75D0017AD5D /* Products */ = {
			isa = PBXGroup;
			children = (
				258257CE29FDF75D0017AD5D /* Online Shopping.app */,
			);
			name = Products;
			sourceTree = "<group>";
		};
		258257D029FDF75D0017AD5D /* Online Shopping */ = {
			isa = PBXGroup;
			children = (
				250627F22A5037BF00EF9AAF /* GoogleSignIn */,
				259784A22A1296D700436A7B /* Commom */,
				259E0C862A08B98D00EC9D7B /* DTOs */,
				257742062A02CC48006496B0 /* CustomView */,
				257742052A02CA46006496B0 /* Online Shopping.entitlements */,
				257742042A02C8F0006496B0 /* SearchView */,
				257742032A02C893006496B0 /* ProductView */,
				257742022A02C80D006496B0 /* ProfileView */,
				257742012A02C7F6006496B0 /* LikedView */,
				257742002A02C7D5006496B0 /* CartView */,
				257741FF2A02C75D006496B0 /* OnBoardView */,
				257741FE2A02C711006496B0 /* LoginView */,
				2582580629FDF8070017AD5D /* Model */,
				258257F129FDF7BC0017AD5D /* HomeView */,
				258257EC29FDF7AF0017AD5D /* View */,
				258257E629FDF7A00017AD5D /* StaggeredGird */,
				258257DF29FDF7900017AD5D /* SharedDataModel */,
				258257D129FDF75D0017AD5D /* Online_ShoppingApp.swift */,
				258257D329FDF75D0017AD5D /* ContentView.swift */,
				258257D529FDF75E0017AD5D /* Assets.xcassets */,
				258257D729FDF75E0017AD5D /* Preview Content */,
			);
			path = "Online Shopping";
			sourceTree = "<group>";
		};
		258257D729FDF75E0017AD5D /* Preview Content */ = {
			isa = PBXGroup;
			children = (
				258257D829FDF75E0017AD5D /* Preview Assets.xcassets */,
			);
			path = "Preview Content";
			sourceTree = "<group>";
		};
		258257DF29FDF7900017AD5D /* SharedDataModel */ = {
			isa = PBXGroup;
			children = (
				258257E029FDF7900017AD5D /* SharedDataModel.swift */,
			);
			path = SharedDataModel;
			sourceTree = "<group>";
		};
		258257E629FDF7A00017AD5D /* StaggeredGird */ = {
			isa = PBXGroup;
			children = (
				258257E729FDF7A00017AD5D /* GirdModel */,
			);
			path = StaggeredGird;
			sourceTree = "<group>";
		};
		258257E729FDF7A00017AD5D /* GirdModel */ = {
			isa = PBXGroup;
			children = (
				258257E829FDF7A00017AD5D /* Post.swift */,
				258257E929FDF7A00017AD5D /* MainView.swift */,
			);
			path = GirdModel;
			sourceTree = "<group>";
		};
		258257EC29FDF7AF0017AD5D /* View */ = {
			isa = PBXGroup;
			children = (
				258257ED29FDF7AF0017AD5D /* StaggeredGird.swift */,
				258257EE29FDF7AF0017AD5D /* CustomCorners.swift */,
				255A9B872A00D34A00AA40E7 /* CustomFrameView.swift */,
			);
			path = View;
			sourceTree = "<group>";
		};
		258257F129FDF7BC0017AD5D /* HomeView */ = {
			isa = PBXGroup;
			children = (
				258257E229FDF7900017AD5D /* HomeViewModel.swift */,
				258257F329FDF7BC0017AD5D /* MainPage.swift */,
				258257F629FDF7BC0017AD5D /* Home.swift */,
				257742092A02CCCF006496B0 /* HomeView.swift */,
			);
			path = HomeView;
			sourceTree = "<group>";
		};
		2582580629FDF8070017AD5D /* Model */ = {
			isa = PBXGroup;
			children = (
				2582580729FDF8070017AD5D /* Product.swift */,
			);
			path = Model;
			sourceTree = "<group>";
		};
		259784A22A1296D700436A7B /* Commom */ = {
			isa = PBXGroup;
			children = (
				255F07792A13AA21003B4D0F /* Extension.swift */,
				259784A52A129E7500436A7B /* Popup.swift */,
				25E1FE332A2E07B500F44509 /* ModelView.swift */,
				25E1FE312A2E05A500F44509 /* AlertView.swift */,
			);
			path = Commom;
			sourceTree = "<group>";
		};
		259E0C862A08B98D00EC9D7B /* DTOs */ = {
			isa = PBXGroup;
			children = (
			);
			path = DTOs;
			sourceTree = "<group>";
		};
/* End PBXGroup section */

/* Begin PBXNativeTarget section */
		258257CD29FDF75D0017AD5D /* Online Shopping */ = {
			isa = PBXNativeTarget;
			buildConfigurationList = 258257DC29FDF75E0017AD5D /* Build configuration list for PBXNativeTarget "Online Shopping" */;
			buildPhases = (
				258257CA29FDF75D0017AD5D /* Sources */,
				258257CB29FDF75D0017AD5D /* Frameworks */,
				258257CC29FDF75D0017AD5D /* Resources */,
			);
			buildRules = (
			);
			dependencies = (
			);
			name = "Online Shopping";
			packageProductDependencies = (
				250627ED2A4FF5BF00EF9AAF /* GoogleSignIn */,
				250627EF2A4FF5BF00EF9AAF /* GoogleSignInSwift */,
			);
			productName = "Online Shopping";
			productReference = 258257CE29FDF75D0017AD5D /* Online Shopping.app */;
			productType = "com.apple.product-type.application";
		};
/* End PBXNativeTarget section */

/* Begin PBXProject section */
		258257C629FDF75D0017AD5D /* Project object */ = {
			isa = PBXProject;
			attributes = {
				BuildIndependentTargetsInParallel = 1;
				LastSwiftUpdateCheck = 1420;
				LastUpgradeCheck = 1420;
				TargetAttributes = {
					258257CD29FDF75D0017AD5D = {
						CreatedOnToolsVersion = 14.2;
					};
				};
			};
			buildConfigurationList = 258257C929FDF75D0017AD5D /* Build configuration list for PBXProject "Online Shopping" */;
			compatibilityVersion = "Xcode 14.0";
			developmentRegion = en;
			hasScannedForEncodings = 0;
			knownRegions = (
				en,
				Base,
			);
			mainGroup = 258257C529FDF75D0017AD5D;
			packageReferences = (
				250627EC2A4FF5BF00EF9AAF /* XCRemoteSwiftPackageReference "GoogleSignIn-iOS" */,
			);
			productRefGroup = 258257CF29FDF75D0017AD5D /* Products */;
			projectDirPath = "";
			projectRoot = "";
			targets = (
				258257CD29FDF75D0017AD5D /* Online Shopping */,
			);
		};
/* End PBXProject section */

/* Begin PBXResourcesBuildPhase section */
		258257CC29FDF75D0017AD5D /* Resources */ = {
			isa = PBXResourcesBuildPhase;
			buildActionMask = 2147483647;
			files = (
				250627F42A5037EE00EF9AAF /* client_28380604552-9hl9qncrf171u373llm7nkr7d4t79mk8.apps.googleusercontent.com.plist in Resources */,
				258257D929FDF75E0017AD5D /* Preview Assets.xcassets in Resources */,
				258257D629FDF75E0017AD5D /* Assets.xcassets in Resources */,
			);
			runOnlyForDeploymentPostprocessing = 0;
		};
/* End PBXResourcesBuildPhase section */

/* Begin PBXSourcesBuildPhase section */
		258257CA29FDF75D0017AD5D /* Sources */ = {
			isa = PBXSourcesBuildPhase;
			buildActionMask = 2147483647;
			files = (
				258257FC29FDF7BC0017AD5D /* SearchView.swift in Sources */,
				2582580529FDF7BC0017AD5D /* ProfilePage.swift in Sources */,
				258257E429FDF7900017AD5D /* LoginViewModel.swift in Sources */,
				258257F029FDF7AF0017AD5D /* CustomCorners.swift in Sources */,
				2582580329FDF7BC0017AD5D /* ProductDetailView.swift in Sources */,
				258257FD29FDF7BC0017AD5D /* MainPage.swift in Sources */,
				2582580129FDF7BC0017AD5D /* LikedPage.swift in Sources */,
				258257FE29FDF7BC0017AD5D /* CartPage.swift in Sources */,
				258257EB29FDF7A00017AD5D /* MainView.swift in Sources */,
				25E1FE322A2E05A500F44509 /* AlertView.swift in Sources */,
				2582580029FDF7BC0017AD5D /* Home.swift in Sources */,
				255A9B882A00D34A00AA40E7 /* CustomFrameView.swift in Sources */,
				258257EF29FDF7AF0017AD5D /* StaggeredGird.swift in Sources */,
				2582580429FDF7BC0017AD5D /* LoginPage.swift in Sources */,
				258257FF29FDF7BC0017AD5D /* MoreProductView.swift in Sources */,
				258257D429FDF75D0017AD5D /* ContentView.swift in Sources */,
				258257D229FDF75D0017AD5D /* Online_ShoppingApp.swift in Sources */,
				255F077A2A13AA21003B4D0F /* Extension.swift in Sources */,
				258257EA29FDF7A00017AD5D /* Post.swift in Sources */,
				257742082A02CC62006496B0 /* CustomView.swift in Sources */,
				2582580229FDF7BC0017AD5D /* OnBordingPage.swift in Sources */,
				25E1FE342A2E07B500F44509 /* ModelView.swift in Sources */,
				2582580829FDF8070017AD5D /* Product.swift in Sources */,
				258257E529FDF7900017AD5D /* HomeViewModel.swift in Sources */,
				259784A62A129E7500436A7B /* Popup.swift in Sources */,
				2577420A2A02CCCF006496B0 /* HomeView.swift in Sources */,
				258257E329FDF7900017AD5D /* SharedDataModel.swift in Sources */,
			);
			runOnlyForDeploymentPostprocessing = 0;
		};
/* End PBXSourcesBuildPhase section */

/* Begin XCBuildConfiguration section */
		258257DA29FDF75E0017AD5D /* Debug */ = {
			isa = XCBuildConfiguration;
			buildSettings = {
				ALWAYS_SEARCH_USER_PATHS = NO;
				CLANG_ANALYZER_NONNULL = YES;
				CLANG_ANALYZER_NUMBER_OBJECT_CONVERSION = YES_AGGRESSIVE;
				CLANG_CXX_LANGUAGE_STANDARD = "gnu++20";
				CLANG_ENABLE_MODULES = YES;
				CLANG_ENABLE_OBJC_ARC = YES;
				CLANG_ENABLE_OBJC_WEAK = YES;
				CLANG_WARN_BLOCK_CAPTURE_AUTORELEASING = YES;
				CLANG_WARN_BOOL_CONVERSION = YES;
				CLANG_WARN_COMMA = YES;
				CLANG_WARN_CONSTANT_CONVERSION = YES;
				CLANG_WARN_DEPRECATED_OBJC_IMPLEMENTATIONS = YES;
				CLANG_WARN_DIRECT_OBJC_ISA_USAGE = YES_ERROR;
				CLANG_WARN_DOCUMENTATION_COMMENTS = YES;
				CLANG_WARN_EMPTY_BODY = YES;
				CLANG_WARN_ENUM_CONVERSION = YES;
				CLANG_WARN_INFINITE_RECURSION = YES;
				CLANG_WARN_INT_CONVERSION = YES;
				CLANG_WARN_NON_LITERAL_NULL_CONVERSION = YES;
				CLANG_WARN_OBJC_IMPLICIT_RETAIN_SELF = YES;
				CLANG_WARN_OBJC_LITERAL_CONVERSION = YES;
				CLANG_WARN_OBJC_ROOT_CLASS = YES_ERROR;
				CLANG_WARN_QUOTED_INCLUDE_IN_FRAMEWORK_HEADER = YES;
				CLANG_WARN_RANGE_LOOP_ANALYSIS = YES;
				CLANG_WARN_STRICT_PROTOTYPES = YES;
				CLANG_WARN_SUSPICIOUS_MOVE = YES;
				CLANG_WARN_UNGUARDED_AVAILABILITY = YES_AGGRESSIVE;
				CLANG_WARN_UNREACHABLE_CODE = YES;
				CLANG_WARN__DUPLICATE_METHOD_MATCH = YES;
				COPY_PHASE_STRIP = NO;
				DEBUG_INFORMATION_FORMAT = dwarf;
				ENABLE_STRICT_OBJC_MSGSEND = YES;
				ENABLE_TESTABILITY = YES;
				GCC_C_LANGUAGE_STANDARD = gnu11;
				GCC_DYNAMIC_NO_PIC = NO;
				GCC_NO_COMMON_BLOCKS = YES;
				GCC_OPTIMIZATION_LEVEL = 0;
				GCC_PREPROCESSOR_DEFINITIONS = (
					"DEBUG=1",
					"$(inherited)",
				);
				GCC_WARN_64_TO_32_BIT_CONVERSION = YES;
				GCC_WARN_ABOUT_RETURN_TYPE = YES_ERROR;
				GCC_WARN_UNDECLARED_SELECTOR = YES;
				GCC_WARN_UNINITIALIZED_AUTOS = YES_AGGRESSIVE;
				GCC_WARN_UNUSED_FUNCTION = YES;
				GCC_WARN_UNUSED_VARIABLE = YES;
				IPHONEOS_DEPLOYMENT_TARGET = 15.0;
				MTL_ENABLE_DEBUG_INFO = INCLUDE_SOURCE;
				MTL_FAST_MATH = YES;
				NEW_SETTING = "";
				ONLY_ACTIVE_ARCH = YES;
				SDKROOT = iphoneos;
				SWIFT_ACTIVE_COMPILATION_CONDITIONS = DEBUG;
				SWIFT_OPTIMIZATION_LEVEL = "-Onone";
			};
			name = Debug;
		};
		258257DB29FDF75E0017AD5D /* Release */ = {
			isa = XCBuildConfiguration;
			buildSettings = {
				ALWAYS_SEARCH_USER_PATHS = NO;
				CLANG_ANALYZER_NONNULL = YES;
				CLANG_ANALYZER_NUMBER_OBJECT_CONVERSION = YES_AGGRESSIVE;
				CLANG_CXX_LANGUAGE_STANDARD = "gnu++20";
				CLANG_ENABLE_MODULES = YES;
				CLANG_ENABLE_OBJC_ARC = YES;
				CLANG_ENABLE_OBJC_WEAK = YES;
				CLANG_WARN_BLOCK_CAPTURE_AUTORELEASING = YES;
				CLANG_WARN_BOOL_CONVERSION = YES;
				CLANG_WARN_COMMA = YES;
				CLANG_WARN_CONSTANT_CONVERSION = YES;
				CLANG_WARN_DEPRECATED_OBJC_IMPLEMENTATIONS = YES;
				CLANG_WARN_DIRECT_OBJC_ISA_USAGE = YES_ERROR;
				CLANG_WARN_DOCUMENTATION_COMMENTS = YES;
				CLANG_WARN_EMPTY_BODY = YES;
				CLANG_WARN_ENUM_CONVERSION = YES;
				CLANG_WARN_INFINITE_RECURSION = YES;
				CLANG_WARN_INT_CONVERSION = YES;
				CLANG_WARN_NON_LITERAL_NULL_CONVERSION = YES;
				CLANG_WARN_OBJC_IMPLICIT_RETAIN_SELF = YES;
				CLANG_WARN_OBJC_LITERAL_CONVERSION = YES;
				CLANG_WARN_OBJC_ROOT_CLASS = YES_ERROR;
				CLANG_WARN_QUOTED_INCLUDE_IN_FRAMEWORK_HEADER = YES;
				CLANG_WARN_RANGE_LOOP_ANALYSIS = YES;
				CLANG_WARN_STRICT_PROTOTYPES = YES;
				CLANG_WARN_SUSPICIOUS_MOVE = YES;
				CLANG_WARN_UNGUARDED_AVAILABILITY = YES_AGGRESSIVE;
				CLANG_WARN_UNREACHABLE_CODE = YES;
				CLANG_WARN__DUPLICATE_METHOD_MATCH = YES;
				COPY_PHASE_STRIP = NO;
				DEBUG_INFORMATION_FORMAT = "dwarf-with-dsym";
				ENABLE_NS_ASSERTIONS = NO;
				ENABLE_STRICT_OBJC_MSGSEND = YES;
				GCC_C_LANGUAGE_STANDARD = gnu11;
				GCC_NO_COMMON_BLOCKS = YES;
				GCC_WARN_64_TO_32_BIT_CONVERSION = YES;
				GCC_WARN_ABOUT_RETURN_TYPE = YES_ERROR;
				GCC_WARN_UNDECLARED_SELECTOR = YES;
				GCC_WARN_UNINITIALIZED_AUTOS = YES_AGGRESSIVE;
				GCC_WARN_UNUSED_FUNCTION = YES;
				GCC_WARN_UNUSED_VARIABLE = YES;
				IPHONEOS_DEPLOYMENT_TARGET = 15.0;
				MTL_ENABLE_DEBUG_INFO = NO;
				MTL_FAST_MATH = YES;
				NEW_SETTING = "";
				SDKROOT = iphoneos;
				SWIFT_COMPILATION_MODE = wholemodule;
				SWIFT_OPTIMIZATION_LEVEL = "-O";
				VALIDATE_PRODUCT = YES;
			};
			name = Release;
		};
		258257DD29FDF75E0017AD5D /* Debug */ = {
			isa = XCBuildConfiguration;
			buildSettings = {
				ASSETCATALOG_COMPILER_APPICON_NAME = AppIcon;
				ASSETCATALOG_COMPILER_GLOBAL_ACCENT_COLOR_NAME = AccentColor;
				CODE_SIGN_ENTITLEMENTS = "Online Shopping/Online Shopping.entitlements";
				CODE_SIGN_IDENTITY = "Apple Development";
				CODE_SIGN_STYLE = Manual;
				CURRENT_PROJECT_VERSION = 1;
				DEVELOPMENT_ASSET_PATHS = "\"Online Shopping/Preview Content\"";
				DEVELOPMENT_TEAM = "";
				ENABLE_PREVIEWS = YES;
				GENERATE_INFOPLIST_FILE = YES;
				INFOPLIST_FILE = "Online-Shopping-Info.plist";
				INFOPLIST_KEY_CFBundleDisplayName = "";
				INFOPLIST_KEY_LSApplicationCategoryType = "";
				INFOPLIST_KEY_NSLocationWhenInUseUsageDescription = "";
				INFOPLIST_KEY_UIApplicationSceneManifest_Generation = YES;
				INFOPLIST_KEY_UIApplicationSupportsIndirectInputEvents = YES;
				INFOPLIST_KEY_UILaunchScreen_Generation = YES;
				INFOPLIST_KEY_UISupportedInterfaceOrientations_iPad = "UIInterfaceOrientationPortrait UIInterfaceOrientationPortraitUpsideDown UIInterfaceOrientationLandscapeLeft UIInterfaceOrientationLandscapeRight";
				INFOPLIST_KEY_UISupportedInterfaceOrientations_iPhone = "UIInterfaceOrientationPortrait UIInterfaceOrientationLandscapeLeft UIInterfaceOrientationLandscapeRight";
				LD_RUNPATH_SEARCH_PATHS = (
					"$(inherited)",
					"@executable_path/Frameworks",
				);
				MARKETING_VERSION = 1.0;
				PRODUCT_BUNDLE_IDENTIFIER = com.saravanan;
				PRODUCT_NAME = "$(TARGET_NAME)";
				PROVISIONING_PROFILE_SPECIFIER = "";
				SWIFT_EMIT_LOC_STRINGS = YES;
				SWIFT_VERSION = 5.0;
				TARGETED_DEVICE_FAMILY = "1,2";
			};
			name = Debug;
		};
		258257DE29FDF75E0017AD5D /* Release */ = {
			isa = XCBuildConfiguration;
			buildSettings = {
				ASSETCATALOG_COMPILER_APPICON_NAME = AppIcon;
				ASSETCATALOG_COMPILER_GLOBAL_ACCENT_COLOR_NAME = AccentColor;
				CODE_SIGN_ENTITLEMENTS = "Online Shopping/Online Shopping.entitlements";
				CODE_SIGN_IDENTITY = "Apple Development";
				CODE_SIGN_STYLE = Manual;
				CURRENT_PROJECT_VERSION = 1;
				DEVELOPMENT_ASSET_PATHS = "\"Online Shopping/Preview Content\"";
				DEVELOPMENT_TEAM = "";
				ENABLE_PREVIEWS = YES;
				GENERATE_INFOPLIST_FILE = YES;
				INFOPLIST_FILE = "Online-Shopping-Info.plist";
				INFOPLIST_KEY_CFBundleDisplayName = "";
				INFOPLIST_KEY_LSApplicationCategoryType = "";
				INFOPLIST_KEY_NSLocationWhenInUseUsageDescription = "";
				INFOPLIST_KEY_UIApplicationSceneManifest_Generation = YES;
				INFOPLIST_KEY_UIApplicationSupportsIndirectInputEvents = YES;
				INFOPLIST_KEY_UILaunchScreen_Generation = YES;
				INFOPLIST_KEY_UISupportedInterfaceOrientations_iPad = "UIInterfaceOrientationPortrait UIInterfaceOrientationPortraitUpsideDown UIInterfaceOrientationLandscapeLeft UIInterfaceOrientationLandscapeRight";
				INFOPLIST_KEY_UISupportedInterfaceOrientations_iPhone = "UIInterfaceOrientationPortrait UIInterfaceOrientationLandscapeLeft UIInterfaceOrientationLandscapeRight";
				LD_RUNPATH_SEARCH_PATHS = (
					"$(inherited)",
					"@executable_path/Frameworks",
				);
				MARKETING_VERSION = 1.0;
				PRODUCT_BUNDLE_IDENTIFIER = com.saravanan;
				PRODUCT_NAME = "$(TARGET_NAME)";
				PROVISIONING_PROFILE_SPECIFIER = "";
				SWIFT_EMIT_LOC_STRINGS = YES;
				SWIFT_VERSION = 5.0;
				TARGETED_DEVICE_FAMILY = "1,2";
			};
			name = Release;
		};
/* End XCBuildConfiguration section */

/* Begin XCConfigurationList section */
		258257C929FDF75D0017AD5D /* Build configuration list for PBXProject "Online Shopping" */ = {
			isa = XCConfigurationList;
			buildConfigurations = (
				258257DA29FDF75E0017AD5D /* Debug */,
				258257DB29FDF75E0017AD5D /* Release */,
			);
			defaultConfigurationIsVisible = 0;
			defaultConfigurationName = Release;
		};
		258257DC29FDF75E0017AD5D /* Build configuration list for PBXNativeTarget "Online Shopping" */ = {
			isa = XCConfigurationList;
			buildConfigurations = (
				258257DD29FDF75E0017AD5D /* Debug */,
				258257DE29FDF75E0017AD5D /* Release */,
			);
			defaultConfigurationIsVisible = 0;
			defaultConfigurationName = Release;
		};
/* End XCConfigurationList section */

/* Begin XCRemoteSwiftPackageReference section */
		250627EC2A4FF5BF00EF9AAF /* XCRemoteSwiftPackageReference "GoogleSignIn-iOS" */ = {
			isa = XCRemoteSwiftPackageReference;
			repositoryURL = "https://github.com/google/GoogleSignIn-iOS";
			requirement = {
				branch = main;
				kind = branch;
			};
		};
/* End XCRemoteSwiftPackageReference section */

/* Begin XCSwiftPackageProductDependency section */
		250627ED2A4FF5BF00EF9AAF /* GoogleSignIn */ = {
			isa = XCSwiftPackageProductDependency;
			package = 250627EC2A4FF5BF00EF9AAF /* XCRemoteSwiftPackageReference "GoogleSignIn-iOS" */;
			productName = GoogleSignIn;
		};
		250627EF2A4FF5BF00EF9AAF /* GoogleSignInSwift */ = {
			isa = XCSwiftPackageProductDependency;
			package = 250627EC2A4FF5BF00EF9AAF /* XCRemoteSwiftPackageReference "GoogleSignIn-iOS" */;
			productName = GoogleSignInSwift;
		};
/* End XCSwiftPackageProductDependency section */
	};
	rootObject = 258257C629FDF75D0017AD5D /* Project object */;
}
